PODS:
  - boost-for-react-native (1.63.0)
  - DoubleConversion (1.1.5)
  - Folly (2016.10.31.00):
    - boost-for-react-native
    - DoubleConversion
    - glog
  - glog (0.3.4)
  - OCMock (3.4.2)
  - React (0.56.0):
    - React/Core (= 0.56.0)
  - react-native-web-image (0.0.6):
    - React
    - SDWebImage
  - React/Core (0.56.0):
    - yoga (= 0.56.0.React)
  - React/CxxBridge (0.56.0):
    - Folly (= 2016.10.31.00)
    - React/Core
    - React/cxxreact
  - React/cxxreact (0.56.0):
    - boost-for-react-native (= 1.63.0)
    - Folly (= 2016.10.31.00)
    - React/jschelpers
    - React/jsinspector
  - React/DevSupport (0.56.0):
    - React/Core
    - React/RCTWebSocket
  - React/fishhook (0.56.0)
  - React/jschelpers (0.56.0):
    - Folly (= 2016.10.31.00)
    - React/PrivateDatabase
  - React/jsinspector (0.56.0)
  - React/PrivateDatabase (0.56.0)
  - React/RCTAnimation (0.56.0):
    - React/Core
  - React/RCTBlob (0.56.0):
    - React/Core
  - React/RCTNetwork (0.56.0):
    - React/Core
  - React/RCTText (0.56.0):
    - React/Core
  - React/RCTWebSocket (0.56.0):
    - React/Core
    - React/fishhook
    - React/RCTBlob
  - SDWebImage (4.4.2):
    - SDWebImage/Core (= 4.4.2)
  - SDWebImage/Core (4.4.2)
  - yoga (0.56.0.React)

DEPENDENCIES:
  - DoubleConversion (from `/Volumes/work/react-native-web-image/node_modules/react-native/third-party-podspecs/DoubleConversion.podspec`)
  - Folly (from `/Volumes/work/react-native-web-image/node_modules/react-native/third-party-podspecs/Folly.podspec`)
  - glog (from `/Volumes/work/react-native-web-image/node_modules/react-native/third-party-podspecs/glog.podspec`)
  - OCMock (~> 3.4)
  - react-native-web-image (from `/Volumes/work/react-native-web-image`)
  - React/Core (from `/Volumes/work/react-native-web-image/node_modules/react-native`)
  - React/CxxBridge (from `/Volumes/work/react-native-web-image/node_modules/react-native`)
  - React/DevSupport (from `/Volumes/work/react-native-web-image/node_modules/react-native`)
  - React/RCTAnimation (from `/Volumes/work/react-native-web-image/node_modules/react-native`)
  - React/RCTBlob (from `/Volumes/work/react-native-web-image/node_modules/react-native`)
  - React/RCTNetwork (from `/Volumes/work/react-native-web-image/node_modules/react-native`)
  - React/RCTText (from `/Volumes/work/react-native-web-image/node_modules/react-native`)
  - React/RCTWebSocket (from `/Volumes/work/react-native-web-image/node_modules/react-native`)
  - yoga (from `/Volumes/work/react-native-web-image/node_modules/react-native/ReactCommon/yoga`)

SPEC REPOS:
  https://github.com/cocoapods/specs.git:
    - boost-for-react-native
    - OCMock
    - SDWebImage

EXTERNAL SOURCES:
  DoubleConversion:
    :podspec: !ruby/object:Pathname
    path: "/Volumes/work/react-native-web-image/node_modules/react-native/third-party-podspecs/DoubleConversion.podspec"
  Folly:
    :podspec: !ruby/object:Pathname
    path: "/Volumes/work/react-native-web-image/node_modules/react-native/third-party-podspecs/Folly.podspec"
  glog:
    :podspec: !ruby/object:Pathname
    path: "/Volumes/work/react-native-web-image/node_modules/react-native/third-party-podspecs/glog.podspec"
  React:
    :path: !ruby/object:Pathname
    path: "/Volumes/work/react-native-web-image/node_modules/react-native"
  react-native-web-image:
    :path: !ruby/object:Pathname
    path: "/Volumes/work/react-native-web-image"
  yoga:
    :path: !ruby/object:Pathname
    path: "/Volumes/work/react-native-web-image/node_modules/react-native/ReactCommon/yoga"

SPEC CHECKSUMS:
  boost-for-react-native: 39c7adb57c4e60d6c5479dd8623128eb5b3f0f2c
  DoubleConversion: a9706f16e388b53ff12cca34473428ee29746a26
  Folly: c89ac2d5c6ab169cd7397ef27485c44f35f742c7
  glog: b3b0330915eccea41c5cc9731a77cf564a9be5ea
  OCMock: ebe9ee1dca7fbed0ff9193ac0b3e2d8862ea56f6
  React: 1fe0eb13d90b625d94c3b117c274dcfd2e760e11
  react-native-web-image: 03d1bb109d9d06283f90b27886fa1a452bdb96c0
  SDWebImage: 624d6e296c69b244bcede364c72ae0430ac14681
  yoga: b1ce48b6cf950b98deae82838f5173ea7cf89e85

PODFILE CHECKSUM: 28954a00a29a5b7abfed9547045527f836894e35

COCOAPODS: 1.5.3
