// !$*UTF8*$!
{
	archiveVersion = 1;
	classes = {
	};
	objectVersion = 46;
	objects = {

/* Begin PBXBuildFile section */
		A254B3E81E2AC847000BE088 /* WebImageView.m in Sources */ = {isa = PBXBuildFile; fileRef = A254B3E71E2AC847000BE088 /* WebImageView.m */; };
		A28797311DE0C1E90081BDFA /* WebImageViewManager.m in Sources */ = {isa = PBXBuildFile; fileRef = A28797301DE0C1E90081BDFA /* WebImageViewManager.m */; };
		A287974A1DE0CE9B0081BDFA /* WebImageSource.m in Sources */ = {isa = PBXBuildFile; fileRef = A28797491DE0CE9B0081BDFA /* WebImageSource.m */; };
		A296A82C1FE6D93500DA5BE7 /* libSDWebImage iOS static.a in Frameworks */ = {isa = PBXBuildFile; fileRef = A287973E1DE0CA5B0081BDFA /* libSDWebImage iOS static.a */; };
/* End PBXBuildFile section */

/* Begin PBXContainerItemProxy section */
		A287973D1DE0CA5B0081BDFA /* PBXContainerItemProxy */ = {
			isa = PBXContainerItemProxy;
			containerPortal = A28797341DE0CA5B0081BDFA /* SDWebImage.xcodeproj */;
			proxyType = 2;
			remoteGlobalIDString = 53761325155AD0D5005750A4;
			remoteInfo = SDWebImage;
		};
		A28797431DE0CA5B0081BDFA /* PBXContainerItemProxy */ = {
			isa = PBXContainerItemProxy;
			containerPortal = A28797341DE0CA5B0081BDFA /* SDWebImage.xcodeproj */;
			proxyType = 2;
			remoteGlobalIDString = 4A2CADFF1AB4BB5300B6BC39;
			remoteInfo = WebImage;
		};
		A28797451DE0CA5B0081BDFA /* PBXContainerItemProxy */ = {
			isa = PBXContainerItemProxy;
			containerPortal = A28797341DE0CA5B0081BDFA /* SDWebImage.xcodeproj */;
			proxyType = 2;
			remoteGlobalIDString = 00733A4C1BC487C000A5A117;
			remoteInfo = "WebImage tvOS";
		};
		A296A8271FE6CE8200DA5BE7 /* PBXContainerItemProxy */ = {
			isa = PBXContainerItemProxy;
			containerPortal = A28797341DE0CA5B0081BDFA /* SDWebImage.xcodeproj */;
			proxyType = 1;
			remoteGlobalIDString = 53761307155AD0D5005750A4;
			remoteInfo = "SDWebImage iOS static";
		};
		A2B3BB481F83723600FB7431 /* PBXContainerItemProxy */ = {
			isa = PBXContainerItemProxy;
			containerPortal = A28797341DE0CA5B0081BDFA /* SDWebImage.xcodeproj */;
			proxyType = 2;
			remoteGlobalIDString = 4314D1991D0E0E3B004B36C9;
			remoteInfo = "SDWebImage watchOS static";
		};
		A2B3BB4A1F83723600FB7431 /* PBXContainerItemProxy */ = {
			isa = PBXContainerItemProxy;
			containerPortal = A28797341DE0CA5B0081BDFA /* SDWebImage.xcodeproj */;
			proxyType = 2;
			remoteGlobalIDString = 431BB7031D06D2C1006A3455;
			remoteInfo = "SDWebImage watchOS";
		};
		A2B3BB4C1F83723600FB7431 /* PBXContainerItemProxy */ = {
			isa = PBXContainerItemProxy;
			containerPortal = A28797341DE0CA5B0081BDFA /* SDWebImage.xcodeproj */;
			proxyType = 2;
			remoteGlobalIDString = 4397D2F21D0DDD8C00BB2784;
			remoteInfo = "SDWebImage OSX";
		};
/* End PBXContainerItemProxy section */

/* Begin PBXCopyFilesBuildPhase section */
		A287971B1DE0C0A60081BDFA /* CopyFiles */ = {
			isa = PBXCopyFilesBuildPhase;
			buildActionMask = 2147483647;
			dstPath = "include/$(PRODUCT_NAME)";
			dstSubfolderSpec = 16;
			files = (
			);
			runOnlyForDeploymentPostprocessing = 0;
		};
/* End PBXCopyFilesBuildPhase section */

/* Begin PBXFileReference section */
		A254B3E61E2AC847000BE088 /* WebImageView.h */ = {isa = PBXFileReference; fileEncoding = 4; lastKnownFileType = sourcecode.c.h; path = WebImageView.h; sourceTree = "<group>"; };
		A254B3E71E2AC847000BE088 /* WebImageView.m */ = {isa = PBXFileReference; fileEncoding = 4; lastKnownFileType = sourcecode.c.objc; path = WebImageView.m; sourceTree = "<group>"; };
		A287971D1DE0C0A60081BDFA /* libWebImage.a */ = {isa = PBXFileReference; explicitFileType = archive.ar; includeInIndex = 0; path = libWebImage.a; sourceTree = BUILT_PRODUCTS_DIR; };
		A28797301DE0C1E90081BDFA /* WebImageViewManager.m */ = {isa = PBXFileReference; fileEncoding = 4; lastKnownFileType = sourcecode.c.objc; path = WebImageViewManager.m; sourceTree = "<group>"; };
		A28797321DE0C2000081BDFA /* WebImageViewManager.h */ = {isa = PBXFileReference; lastKnownFileType = sourcecode.c.h; path = WebImageViewManager.h; sourceTree = "<group>"; };
		A28797341DE0CA5B0081BDFA /* SDWebImage.xcodeproj */ = {isa = PBXFileReference; lastKnownFileType = "wrapper.pb-project"; name = SDWebImage.xcodeproj; path = Vendor/SDWebImage/SDWebImage.xcodeproj; sourceTree = "<group>"; };
		A28797481DE0CE9B0081BDFA /* WebImageSource.h */ = {isa = PBXFileReference; fileEncoding = 4; lastKnownFileType = sourcecode.c.h; path = WebImageSource.h; sourceTree = "<group>"; };
		A28797491DE0CE9B0081BDFA /* WebImageSource.m */ = {isa = PBXFileReference; fileEncoding = 4; lastKnownFileType = sourcecode.c.objc; path = WebImageSource.m; sourceTree = "<group>"; };
/* End PBXFileReference section */

/* Begin PBXFrameworksBuildPhase section */
		A287971A1DE0C0A60081BDFA /* Frameworks */ = {
			isa = PBXFrameworksBuildPhase;
			buildActionMask = 2147483647;
			files = (
				A296A82C1FE6D93500DA5BE7 /* libSDWebImage iOS static.a in Frameworks */,
			);
			runOnlyForDeploymentPostprocessing = 0;
		};
/* End PBXFrameworksBuildPhase section */

/* Begin PBXGroup section */
		A28797141DE0C0A60081BDFA = {
			isa = PBXGroup;
			children = (
				A28797331DE0CA420081BDFA /* Vendor */,
				A287971F1DE0C0A60081BDFA /* WebImage */,
				A287971E1DE0C0A60081BDFA /* Products */,
				A296A8291FE6D30300DA5BE7 /* Frameworks */,
			);
			sourceTree = "<group>";
		};
		A287971E1DE0C0A60081BDFA /* Products */ = {
			isa = PBXGroup;
			children = (
				A287971D1DE0C0A60081BDFA /* libWebImage.a */,
			);
			name = Products;
			sourceTree = "<group>";
		};
		A287971F1DE0C0A60081BDFA /* WebImage */ = {
			isa = PBXGroup;
			children = (
				A28797321DE0C2000081BDFA /* WebImageViewManager.h */,
				A28797301DE0C1E90081BDFA /* WebImageViewManager.m */,
				A254B3E61E2AC847000BE088 /* WebImageView.h */,
				A254B3E71E2AC847000BE088 /* WebImageView.m */,
				A28797481DE0CE9B0081BDFA /* WebImageSource.h */,
				A28797491DE0CE9B0081BDFA /* WebImageSource.m */,
			);
			path = WebImage;
			sourceTree = "<group>";
		};
		A28797331DE0CA420081BDFA /* Vendor */ = {
			isa = PBXGroup;
			children = (
				A28797341DE0CA5B0081BDFA /* SDWebImage.xcodeproj */,
			);
			name = Vendor;
			sourceTree = "<group>";
		};
		A28797351DE0CA5B0081BDFA /* Products */ = {
			isa = PBXGroup;
			children = (
				A287973E1DE0CA5B0081BDFA /* libSDWebImage iOS static.a */,
				A2B3BB491F83723600FB7431 /* libSDWebImage watchOS static.a */,
				A28797441DE0CA5B0081BDFA /* SDWebImage.framework */,
				A28797461DE0CA5B0081BDFA /* SDWebImage.framework */,
				A2B3BB4B1F83723600FB7431 /* SDWebImage.framework */,
				A2B3BB4D1F83723600FB7431 /* SDWebImage.framework */,
			);
			name = Products;
			sourceTree = "<group>";
		};
		A296A8291FE6D30300DA5BE7 /* Frameworks */ = {
			isa = PBXGroup;
			children = (
			);
			name = Frameworks;
			sourceTree = "<group>";
		};
/* End PBXGroup section */

/* Begin PBXNativeTarget section */
		A287971C1DE0C0A60081BDFA /* WebImage */ = {
			isa = PBXNativeTarget;
			buildConfigurationList = A28797261DE0C0A60081BDFA /* Build configuration list for PBXNativeTarget "WebImage" */;
			buildPhases = (
				A28797191DE0C0A60081BDFA /* Sources */,
				A287971A1DE0C0A60081BDFA /* Frameworks */,
				A287971B1DE0C0A60081BDFA /* CopyFiles */,
			);
			buildRules = (
			);
			dependencies = (
				A296A8281FE6CE8200DA5BE7 /* PBXTargetDependency */,
			);
			name = WebImage;
			productName = WebImage;
			productReference = A287971D1DE0C0A60081BDFA /* libWebImage.a */;
			productType = "com.apple.product-type.library.static";
		};
/* End PBXNativeTarget section */

/* Begin PBXProject section */
		A28797151DE0C0A60081BDFA /* Project object */ = {
			isa = PBXProject;
			attributes = {
				LastUpgradeCheck = 0920;
				ORGANIZATIONNAME = vovkasm;
				TargetAttributes = {
					A287971C1DE0C0A60081BDFA = {
						CreatedOnToolsVersion = 8.1;
						ProvisioningStyle = Automatic;
					};
				};
			};
			buildConfigurationList = A28797181DE0C0A60081BDFA /* Build configuration list for PBXProject "WebImage" */;
			compatibilityVersion = "Xcode 3.2";
			developmentRegion = English;
			hasScannedForEncodings = 0;
			knownRegions = (
				en,
			);
			mainGroup = A28797141DE0C0A60081BDFA;
			productRefGroup = A287971E1DE0C0A60081BDFA /* Products */;
			projectDirPath = "";
			projectReferences = (
				{
					ProductGroup = A28797351DE0CA5B0081BDFA /* Products */;
					ProjectRef = A28797341DE0CA5B0081BDFA /* SDWebImage.xcodeproj */;
				},
			);
			projectRoot = "";
			targets = (
				A287971C1DE0C0A60081BDFA /* WebImage */,
			);
		};
/* End PBXProject section */

/* Begin PBXReferenceProxy section */
		A287973E1DE0CA5B0081BDFA /* libSDWebImage iOS static.a */ = {
			isa = PBXReferenceProxy;
			fileType = archive.ar;
			path = "libSDWebImage iOS static.a";
			remoteRef = A287973D1DE0CA5B0081BDFA /* PBXContainerItemProxy */;
			sourceTree = BUILT_PRODUCTS_DIR;
		};
		A28797441DE0CA5B0081BDFA /* SDWebImage.framework */ = {
			isa = PBXReferenceProxy;
			fileType = wrapper.framework;
			path = SDWebImage.framework;
			remoteRef = A28797431DE0CA5B0081BDFA /* PBXContainerItemProxy */;
			sourceTree = BUILT_PRODUCTS_DIR;
		};
		A28797461DE0CA5B0081BDFA /* SDWebImage.framework */ = {
			isa = PBXReferenceProxy;
			fileType = wrapper.framework;
			path = SDWebImage.framework;
			remoteRef = A28797451DE0CA5B0081BDFA /* PBXContainerItemProxy */;
			sourceTree = BUILT_PRODUCTS_DIR;
		};
		A2B3BB491F83723600FB7431 /* libSDWebImage watchOS static.a */ = {
			isa = PBXReferenceProxy;
			fileType = archive.ar;
			path = "libSDWebImage watchOS static.a";
			remoteRef = A2B3BB481F83723600FB7431 /* PBXContainerItemProxy */;
			sourceTree = BUILT_PRODUCTS_DIR;
		};
		A2B3BB4B1F83723600FB7431 /* SDWebImage.framework */ = {
			isa = PBXReferenceProxy;
			fileType = wrapper.framework;
			path = SDWebImage.framework;
			remoteRef = A2B3BB4A1F83723600FB7431 /* PBXContainerItemProxy */;
			sourceTree = BUILT_PRODUCTS_DIR;
		};
		A2B3BB4D1F83723600FB7431 /* SDWebImage.framework */ = {
			isa = PBXReferenceProxy;
			fileType = wrapper.framework;
			path = SDWebImage.framework;
			remoteRef = A2B3BB4C1F83723600FB7431 /* PBXContainerItemProxy */;
			sourceTree = BUILT_PRODUCTS_DIR;
		};
/* End PBXReferenceProxy section */

/* Begin PBXSourcesBuildPhase section */
		A28797191DE0C0A60081BDFA /* Sources */ = {
			isa = PBXSourcesBuildPhase;
			buildActionMask = 2147483647;
			files = (
				A28797311DE0C1E90081BDFA /* WebImageViewManager.m in Sources */,
				A254B3E81E2AC847000BE088 /* WebImageView.m in Sources */,
				A287974A1DE0CE9B0081BDFA /* WebImageSource.m in Sources */,
			);
			runOnlyForDeploymentPostprocessing = 0;
		};
/* End PBXSourcesBuildPhase section */

/* Begin PBXTargetDependency section */
		A296A8281FE6CE8200DA5BE7 /* PBXTargetDependency */ = {
			isa = PBXTargetDependency;
			name = "SDWebImage iOS static";
			targetProxy = A296A8271FE6CE8200DA5BE7 /* PBXContainerItemProxy */;
		};
/* End PBXTargetDependency section */

/* Begin XCBuildConfiguration section */
		A28797241DE0C0A60081BDFA /* Debug */ = {
			isa = XCBuildConfiguration;
			buildSettings = {
				ALWAYS_SEARCH_USER_PATHS = NO;
				CLANG_ANALYZER_NONNULL = YES;
				CLANG_CXX_LANGUAGE_STANDARD = "gnu++0x";
				CLANG_CXX_LIBRARY = "libc++";
				CLANG_ENABLE_MODULES = YES;
				CLANG_ENABLE_OBJC_ARC = YES;
				CLANG_WARN_BLOCK_CAPTURE_AUTORELEASING = YES;
				CLANG_WARN_BOOL_CONVERSION = YES;
				CLANG_WARN_COMMA = YES;
				CLANG_WARN_CONSTANT_CONVERSION = YES;
				CLANG_WARN_DIRECT_OBJC_ISA_USAGE = YES_ERROR;
				CLANG_WARN_DOCUMENTATION_COMMENTS = YES;
				CLANG_WARN_EMPTY_BODY = YES;
				CLANG_WARN_ENUM_CONVERSION = YES;
				CLANG_WARN_INFINITE_RECURSION = YES;
				CLANG_WARN_INT_CONVERSION = YES;
				CLANG_WARN_NON_LITERAL_NULL_CONVERSION = YES;
				CLANG_WARN_OBJC_LITERAL_CONVERSION = YES;
				CLANG_WARN_OBJC_ROOT_CLASS = YES_ERROR;
				CLANG_WARN_RANGE_LOOP_ANALYSIS = YES;
				CLANG_WARN_STRICT_PROTOTYPES = YES;
				CLANG_WARN_SUSPICIOUS_MOVE = YES;
				CLANG_WARN_SUSPICIOUS_MOVES = YES;
				CLANG_WARN_UNREACHABLE_CODE = YES;
				CLANG_WARN__DUPLICATE_METHOD_MATCH = YES;
				COPY_PHASE_STRIP = NO;
				ENABLE_STRICT_OBJC_MSGSEND = YES;
				ENABLE_TESTABILITY = YES;
				GCC_C_LANGUAGE_STANDARD = gnu99;
				GCC_DYNAMIC_NO_PIC = NO;
				GCC_NO_COMMON_BLOCKS = YES;
				GCC_OPTIMIZATION_LEVEL = 0;
				GCC_PREPROCESSOR_DEFINITIONS = (
					"DEBUG=1",
					"$(inherited)",
				);
				GCC_WARN_64_TO_32_BIT_CONVERSION = YES;
				GCC_WARN_ABOUT_RETURN_TYPE = YES_ERROR;
				GCC_WARN_UNDECLARED_SELECTOR = YES;
				GCC_WARN_UNINITIALIZED_AUTOS = YES_AGGRESSIVE;
				GCC_WARN_UNUSED_FUNCTION = YES;
				GCC_WARN_UNUSED_VARIABLE = YES;
				IPHONEOS_DEPLOYMENT_TARGET = 8.0;
				MTL_ENABLE_DEBUG_INFO = YES;
				ONLY_ACTIVE_ARCH = YES;
				SDKROOT = iphoneos;
				SKIP_INSTALL = YES;
			};
			name = Debug;
		};
		A28797251DE0C0A60081BDFA /* Release */ = {
			isa = XCBuildConfiguration;
			buildSettings = {
				ALWAYS_SEARCH_USER_PATHS = NO;
				CLANG_ANALYZER_NONNULL = YES;
				CLANG_CXX_LANGUAGE_STANDARD = "gnu++0x";
				CLANG_CXX_LIBRARY = "libc++";
				CLANG_ENABLE_MODULES = YES;
				CLANG_ENABLE_OBJC_ARC = YES;
				CLANG_WARN_BLOCK_CAPTURE_AUTORELEASING = YES;
				CLANG_WARN_BOOL_CONVERSION = YES;
				CLANG_WARN_COMMA = YES;
				CLANG_WARN_CONSTANT_CONVERSION = YES;
				CLANG_WARN_DIRECT_OBJC_ISA_USAGE = YES_ERROR;
				CLANG_WARN_DOCUMENTATION_COMMENTS = YES;
				CLANG_WARN_EMPTY_BODY = YES;
				CLANG_WARN_ENUM_CONVERSION = YES;
				CLANG_WARN_INFINITE_RECURSION = YES;
				CLANG_WARN_INT_CONVERSION = YES;
				CLANG_WARN_NON_LITERAL_NULL_CONVERSION = YES;
				CLANG_WARN_OBJC_LITERAL_CONVERSION = YES;
				CLANG_WARN_OBJC_ROOT_CLASS = YES_ERROR;
				CLANG_WARN_RANGE_LOOP_ANALYSIS = YES;
				CLANG_WARN_STRICT_PROTOTYPES = YES;
				CLANG_WARN_SUSPICIOUS_MOVE = YES;
				CLANG_WARN_SUSPICIOUS_MOVES = YES;
				CLANG_WARN_UNREACHABLE_CODE = YES;
				CLANG_WARN__DUPLICATE_METHOD_MATCH = YES;
				COPY_PHASE_STRIP = YES;
				ENABLE_NS_ASSERTIONS = NO;
				ENABLE_STRICT_OBJC_MSGSEND = YES;
				GCC_C_LANGUAGE_STANDARD = gnu99;
				GCC_NO_COMMON_BLOCKS = YES;
				GCC_WARN_64_TO_32_BIT_CONVERSION = YES;
				GCC_WARN_ABOUT_RETURN_TYPE = YES_ERROR;
				GCC_WARN_UNDECLARED_SELECTOR = YES;
				GCC_WARN_UNINITIALIZED_AUTOS = YES_AGGRESSIVE;
				GCC_WARN_UNUSED_FUNCTION = YES;
				GCC_WARN_UNUSED_VARIABLE = YES;
				IPHONEOS_DEPLOYMENT_TARGET = 8.0;
				MTL_ENABLE_DEBUG_INFO = NO;
				SDKROOT = iphoneos;
				SKIP_INSTALL = YES;
				VALIDATE_PRODUCT = YES;
			};
			name = Release;
		};
		A28797271DE0C0A60081BDFA /* Debug */ = {
			isa = XCBuildConfiguration;
			buildSettings = {
				DEPLOYMENT_POSTPROCESSING = YES;
				EXPORTED_SYMBOLS_FILE = "$(SRCROOT)/WebImage/exported-symbols.txt";
				GCC_SYMBOLS_PRIVATE_EXTERN = YES;
				GENERATE_MASTER_OBJECT_FILE = YES;
				HEADER_SEARCH_PATHS = "$(SRCROOT)/Vendor/SDWebImage";
				MACH_O_TYPE = mh_object;
				OTHER_LDFLAGS = "-ObjC";
				PRODUCT_NAME = "$(TARGET_NAME)";
				SKIP_INSTALL = YES;
				STRIP_STYLE = "non-global";
			};
			name = Debug;
		};
		A28797281DE0C0A60081BDFA /* Release */ = {
			isa = XCBuildConfiguration;
			buildSettings = {
				DEPLOYMENT_POSTPROCESSING = YES;
				EXPORTED_SYMBOLS_FILE = "$(SRCROOT)/WebImage/exported-symbols.txt";
				GCC_SYMBOLS_PRIVATE_EXTERN = YES;
				GENERATE_MASTER_OBJECT_FILE = YES;
				HEADER_SEARCH_PATHS = "$(SRCROOT)/Vendor/SDWebImage";
				MACH_O_TYPE = mh_object;
				OTHER_LDFLAGS = "-ObjC";
				PRODUCT_NAME = "$(TARGET_NAME)";
				SKIP_INSTALL = YES;
				STRIP_STYLE = "non-global";
			};
			name = Release;
		};
/* End XCBuildConfiguration section */

/* Begin XCConfigurationList section */
		A28797181DE0C0A60081BDFA /* Build configuration list for PBXProject "WebImage" */ = {
			isa = XCConfigurationList;
			buildConfigurations = (
				A28797241DE0C0A60081BDFA /* Debug */,
				A28797251DE0C0A60081BDFA /* Release */,
			);
			defaultConfigurationIsVisible = 0;
			defaultConfigurationName = Release;
		};
		A28797261DE0C0A60081BDFA /* Build configuration list for PBXNativeTarget "WebImage" */ = {
			isa = XCConfigurationList;
			buildConfigurations = (
				A28797271DE0C0A60081BDFA /* Debug */,
				A28797281DE0C0A60081BDFA /* Release */,
			);
			defaultConfigurationIsVisible = 0;
			defaultConfigurationName = Release;
		};
/* End XCConfigurationList section */
	};
	rootObject = A28797151DE0C0A60081BDFA /* Project object */;
}
